
Microsoft Visual Studio Solution File, Format Version 12.00
# Visual Studio Version 16
VisualStudioVersion = 16.0.31205.134
MinimumVisualStudioVersion = 10.0.40219.1
Project("{FAE04EC0-301F-11D3-BF4B-00C04F79EFBC}") = "EstadioAAA", "EstadioAAA\EstadioAAA.csproj", "{623CC72F-1686-4398-9412-207D9E4FBAEF}"
EndProject
Global
	GlobalSection(SolutionConfigurationPlatforms) = preSolution
		Debug|Any CPU = Debug|Any CPU
		Release|Any CPU = Release|Any CPU
	EndGlobalSection
	GlobalSection(ProjectConfigurationPlatforms) = postSolution
		{623CC72F-1686-4398-9412-207D9E4FBAEF}.Debug|Any CPU.ActiveCfg = Debug|Any CPU
		{623CC72F-1686-4398-9412-207D9E4FBAEF}.Debug|Any CPU.Build.0 = Debug|Any CPU
		{623CC72F-1686-4398-9412-207D9E4FBAEF}.Release|Any CPU.ActiveCfg = Release|Any CPU
		{623CC72F-1686-4398-9412-207D9E4FBAEF}.Release|Any CPU.Build.0 = Release|Any CPU
	EndGlobalSection
	GlobalSection(SolutionProperties) = preSolution
		HideSolutionNode = FALSE
	EndGlobalSection
	GlobalSection(ExtensibilityGlobals) = postSolution
		SolutionGuid = {3ADD14E5-0AE2-4D19-9308-5FE5E2726B7B}
	EndGlobalSection
EndGlobal
